
Microsoft Visual Studio Solution File, Format Version 12.00
# Visual Studio Version 17
VisualStudioVersion = 17.13.35931.197 d17.13
MinimumVisualStudioVersion = 10.0.40219.1
Project("{FAE04EC0-301F-11D3-BF4B-00C04F79EFBC}") = "Ej9", "Ej9\Ej9.csproj", "{2F5B58AB-F081-4E71-9B80-2DB6D4A90D69}"
EndProject
Global
	GlobalSection(SolutionConfigurationPlatforms) = preSolution
		Debug|Any CPU = Debug|Any CPU
		Release|Any CPU = Release|Any CPU
	EndGlobalSection
	GlobalSection(ProjectConfigurationPlatforms) = postSolution
		{2F5B58AB-F081-4E71-9B80-2DB6D4A90D69}.Debug|Any CPU.ActiveCfg = Debug|Any CPU
		{2F5B58AB-F081-4E71-9B80-2DB6D4A90D69}.Debug|Any CPU.Build.0 = Debug|Any CPU
		{2F5B58AB-F081-4E71-9B80-2DB6D4A90D69}.Release|Any CPU.ActiveCfg = Release|Any CPU
		{2F5B58AB-F081-4E71-9B80-2DB6D4A90D69}.Release|Any CPU.Build.0 = Release|Any CPU
	EndGlobalSection
	GlobalSection(SolutionProperties) = preSolution
		HideSolutionNode = FALSE
	EndGlobalSection
	GlobalSection(ExtensibilityGlobals) = postSolution
		SolutionGuid = {50484195-EE17-4BA7-A11D-48A2884DCB60}
	EndGlobalSection
EndGlobal
