
Microsoft Visual Studio Solution File, Format Version 12.00
# Visual Studio Version 17
VisualStudioVersion = 17.13.35931.197 d17.13
MinimumVisualStudioVersion = 10.0.40219.1
Project("{FAE04EC0-301F-11D3-BF4B-00C04F79EFBC}") = "MisClasesEJ5", "MisClasesEJ5\MisClasesEJ5.csproj", "{C08C32D5-AE22-4709-9E73-807F29139156}"
EndProject
Project("{FAE04EC0-301F-11D3-BF4B-00C04F79EFBC}") = "Aplicacion", "Aplicacion\Aplicacion.csproj", "{B576E9AF-DA9C-4E04-92F9-282F8F547BAD}"
EndProject
Global
	GlobalSection(SolutionConfigurationPlatforms) = preSolution
		Debug|Any CPU = Debug|Any CPU
		Release|Any CPU = Release|Any CPU
	EndGlobalSection
	GlobalSection(ProjectConfigurationPlatforms) = postSolution
		{C08C32D5-AE22-4709-9E73-807F29139156}.Debug|Any CPU.ActiveCfg = Debug|Any CPU
		{C08C32D5-AE22-4709-9E73-807F29139156}.Debug|Any CPU.Build.0 = Debug|Any CPU
		{C08C32D5-AE22-4709-9E73-807F29139156}.Release|Any CPU.ActiveCfg = Release|Any CPU
		{C08C32D5-AE22-4709-9E73-807F29139156}.Release|Any CPU.Build.0 = Release|Any CPU
		{B576E9AF-DA9C-4E04-92F9-282F8F547BAD}.Debug|Any CPU.ActiveCfg = Debug|Any CPU
		{B576E9AF-DA9C-4E04-92F9-282F8F547BAD}.Debug|Any CPU.Build.0 = Debug|Any CPU
		{B576E9AF-DA9C-4E04-92F9-282F8F547BAD}.Release|Any CPU.ActiveCfg = Release|Any CPU
		{B576E9AF-DA9C-4E04-92F9-282F8F547BAD}.Release|Any CPU.Build.0 = Release|Any CPU
	EndGlobalSection
	GlobalSection(SolutionProperties) = preSolution
		HideSolutionNode = FALSE
	EndGlobalSection
	GlobalSection(ExtensibilityGlobals) = postSolution
		SolutionGuid = {85661EFF-447B-4DDD-8E97-4713D06F73A3}
	EndGlobalSection
EndGlobal
